
Microsoft Visual Studio Solution File, Format Version 12.00
# Visual Studio Version 17
VisualStudioVersion = 17.12.35728.132 d17.12
MinimumVisualStudioVersion = 10.0.40219.1
Project("{2150E333-8FDC-42A3-9474-1A3956D46DE8}") = "Solution Items", "Solution Items", "{85FA0C69-A760-4DA4-BBDA-405440FAFD78}"
	ProjectSection(SolutionItems) = preProject
		README.md = README.md
	EndProjectSection
EndProject
Project("{2150E333-8FDC-42A3-9474-1A3956D46DE8}") = "nuget", "nuget", "{A0465D20-7758-413F-A911-585923A61160}"
	ProjectSection(SolutionItems) = preProject
		nuget\myget.bat = nuget\myget.bat
		nuget\nuget.bat = nuget\nuget.bat
		nuget\Transformalize.Provider.GeoJson.Autofac.nuspec = nuget\Transformalize.Provider.GeoJson.Autofac.nuspec
		nuget\Transformalize.Provider.GeoJson.nuspec = nuget\Transformalize.Provider.GeoJson.nuspec
	EndProjectSection
EndProject
Project("{FAE04EC0-301F-11D3-BF4B-00C04F79EFBC}") = "Transformalize.Provider.GeoJson", "src\Transformalize.Provider.GeoJson\Transformalize.Provider.GeoJson.csproj", "{D5C9DA5D-687D-4647-A7EC-E7A4735224B7}"
EndProject
Project("{FAE04EC0-301F-11D3-BF4B-00C04F79EFBC}") = "Transformalize.Provider.GeoJson.Autofac", "src\Transformalize.Provider.GeoJson.Autofac\Transformalize.Provider.GeoJson.Autofac.csproj", "{AA5B1E5B-B399-4751-8FEF-6567725D5B74}"
EndProject
Project("{FAE04EC0-301F-11D3-BF4B-00C04F79EFBC}") = "Test", "src\Test\Test.csproj", "{BD03DEED-8FC9-464E-9FBF-9C29B1BF95A0}"
EndProject
Global
	GlobalSection(SolutionConfigurationPlatforms) = preSolution
		Debug|Any CPU = Debug|Any CPU
		Release|Any CPU = Release|Any CPU
	EndGlobalSection
	GlobalSection(ProjectConfigurationPlatforms) = postSolution
		{D5C9DA5D-687D-4647-A7EC-E7A4735224B7}.Debug|Any CPU.ActiveCfg = Debug|Any CPU
		{D5C9DA5D-687D-4647-A7EC-E7A4735224B7}.Debug|Any CPU.Build.0 = Debug|Any CPU
		{D5C9DA5D-687D-4647-A7EC-E7A4735224B7}.Release|Any CPU.ActiveCfg = Release|Any CPU
		{D5C9DA5D-687D-4647-A7EC-E7A4735224B7}.Release|Any CPU.Build.0 = Release|Any CPU
		{AA5B1E5B-B399-4751-8FEF-6567725D5B74}.Debug|Any CPU.ActiveCfg = Debug|Any CPU
		{AA5B1E5B-B399-4751-8FEF-6567725D5B74}.Debug|Any CPU.Build.0 = Debug|Any CPU
		{AA5B1E5B-B399-4751-8FEF-6567725D5B74}.Release|Any CPU.ActiveCfg = Release|Any CPU
		{AA5B1E5B-B399-4751-8FEF-6567725D5B74}.Release|Any CPU.Build.0 = Release|Any CPU
		{BD03DEED-8FC9-464E-9FBF-9C29B1BF95A0}.Debug|Any CPU.ActiveCfg = Debug|Any CPU
		{BD03DEED-8FC9-464E-9FBF-9C29B1BF95A0}.Debug|Any CPU.Build.0 = Debug|Any CPU
		{BD03DEED-8FC9-464E-9FBF-9C29B1BF95A0}.Release|Any CPU.ActiveCfg = Release|Any CPU
		{BD03DEED-8FC9-464E-9FBF-9C29B1BF95A0}.Release|Any CPU.Build.0 = Release|Any CPU
	EndGlobalSection
	GlobalSection(SolutionProperties) = preSolution
		HideSolutionNode = FALSE
	EndGlobalSection
	GlobalSection(NestedProjects) = preSolution
		{A0465D20-7758-413F-A911-585923A61160} = {85FA0C69-A760-4DA4-BBDA-405440FAFD78}
	EndGlobalSection
	GlobalSection(ExtensibilityGlobals) = postSolution
		SolutionGuid = {178081F6-A699-4B47-9630-78730739C957}
	EndGlobalSection
EndGlobal
